// !$*UTF8*$!
{
	archiveVersion = 1;
	classes = {
	};
	objectVersion = 50;
	objects = {

/* Begin PBXBuildFile section */
		E357EF5A24B4F0F900D0EC18 /* AppDelegate.swift in Sources */ = {isa = PBXBuildFile; fileRef = E357EF5924B4F0F900D0EC18 /* AppDelegate.swift */; };
		E357EF5C24B4F0F900D0EC18 /* SceneDelegate.swift in Sources */ = {isa = PBXBuildFile; fileRef = E357EF5B24B4F0F900D0EC18 /* SceneDelegate.swift */; };
		E357EF5E24B4F0F900D0EC18 /* ViewController.swift in Sources */ = {isa = PBXBuildFile; fileRef = E357EF5D24B4F0F900D0EC18 /* ViewController.swift */; };
		E357EF6124B4F0F900D0EC18 /* Main.storyboard in Resources */ = {isa = PBXBuildFile; fileRef = E357EF5F24B4F0F900D0EC18 /* Main.storyboard */; };
		E357EF6324B4F0FC00D0EC18 /* Assets.xcassets in Resources */ = {isa = PBXBuildFile; fileRef = E357EF6224B4F0FC00D0EC18 /* Assets.xcassets */; };
		E357EF6624B4F0FC00D0EC18 /* LaunchScreen.storyboard in Resources */ = {isa = PBXBuildFile; fileRef = E357EF6424B4F0FC00D0EC18 /* LaunchScreen.storyboard */; };
		E357EF6E24B4F29000D0EC18 /* CaptionedPhoto.swift in Sources */ = {isa = PBXBuildFile; fileRef = E357EF6D24B4F29000D0EC18 /* CaptionedPhoto.swift */; };
		E357EF7224B5373100D0EC18 /* eachCell.swift in Sources */ = {isa = PBXBuildFile; fileRef = E357EF7124B5373100D0EC18 /* eachCell.swift */; };
		E37FBBE624B8E4BB00E7198D /* DetailViewController.swift in Sources */ = {isa = PBXBuildFile; fileRef = E37FBBE524B8E4BB00E7198D /* DetailViewController.swift */; };
/* End PBXBuildFile section */

/* Begin PBXFileReference section */
		E357EF5624B4F0F900D0EC18 /* Cons_Project # 10-12.app */ = {isa = PBXFileReference; explicitFileType = wrapper.application; includeInIndex = 0; path = "Cons_Project # 10-12.app"; sourceTree = BUILT_PRODUCTS_DIR; };
		E357EF5924B4F0F900D0EC18 /* AppDelegate.swift */ = {isa = PBXFileReference; lastKnownFileType = sourcecode.swift; path = AppDelegate.swift; sourceTree = "<group>"; };
		E357EF5B24B4F0F900D0EC18 /* SceneDelegate.swift */ = {isa = PBXFileReference; lastKnownFileType = sourcecode.swift; path = SceneDelegate.swift; sourceTree = "<group>"; };
		E357EF5D24B4F0F900D0EC18 /* ViewController.swift */ = {isa = PBXFileReference; lastKnownFileType = sourcecode.swift; path = ViewController.swift; sourceTree = "<group>"; };
		E357EF6024B4F0F900D0EC18 /* Base */ = {isa = PBXFileReference; lastKnownFileType = file.storyboard; name = Base; path = Base.lproj/Main.storyboard; sourceTree = "<group>"; };
		E357EF6224B4F0FC00D0EC18 /* Assets.xcassets */ = {isa = PBXFileReference; lastKnownFileType = folder.assetcatalog; path = Assets.xcassets; sourceTree = "<group>"; };
		E357EF6524B4F0FC00D0EC18 /* Base */ = {isa = PBXFileReference; lastKnownFileType = file.storyboard; name = Base; path = Base.lproj/LaunchScreen.storyboard; sourceTree = "<group>"; };
		E357EF6724B4F0FC00D0EC18 /* Info.plist */ = {isa = PBXFileReference; lastKnownFileType = text.plist.xml; path = Info.plist; sourceTree = "<group>"; };
		E357EF6D24B4F29000D0EC18 /* CaptionedPhoto.swift */ = {isa = PBXFileReference; lastKnownFileType = sourcecode.swift; path = CaptionedPhoto.swift; sourceTree = "<group>"; };
		E357EF7124B5373100D0EC18 /* eachCell.swift */ = {isa = PBXFileReference; lastKnownFileType = sourcecode.swift; path = eachCell.swift; sourceTree = "<group>"; };
		E37FBBE524B8E4BB00E7198D /* DetailViewController.swift */ = {isa = PBXFileReference; lastKnownFileType = sourcecode.swift; path = DetailViewController.swift; sourceTree = "<group>"; };
/* End PBXFileReference section */

/* Begin PBXFrameworksBuildPhase section */
		E357EF5324B4F0F900D0EC18 /* Frameworks */ = {
			isa = PBXFrameworksBuildPhase;
			buildActionMask = 2147483647;
			files = (
			);
			runOnlyForDeploymentPostprocessing = 0;
		};
/* End PBXFrameworksBuildPhase section */

/* Begin PBXGroup section */
		E357EF4D24B4F0F900D0EC18 = {
			isa = PBXGroup;
			children = (
				E357EF5824B4F0F900D0EC18 /* Cons_Project # 10-12 */,
				E357EF5724B4F0F900D0EC18 /* Products */,
			);
			sourceTree = "<group>";
		};
		E357EF5724B4F0F900D0EC18 /* Products */ = {
			isa = PBXGroup;
			children = (
				E357EF5624B4F0F900D0EC18 /* Cons_Project # 10-12.app */,
			);
			name = Products;
			sourceTree = "<group>";
		};
		E357EF5824B4F0F900D0EC18 /* Cons_Project # 10-12 */ = {
			isa = PBXGroup;
			children = (
				E357EF5924B4F0F900D0EC18 /* AppDelegate.swift */,
				E357EF5B24B4F0F900D0EC18 /* SceneDelegate.swift */,
				E357EF6D24B4F29000D0EC18 /* CaptionedPhoto.swift */,
				E357EF7124B5373100D0EC18 /* eachCell.swift */,
				E357EF5D24B4F0F900D0EC18 /* ViewController.swift */,
				E37FBBE524B8E4BB00E7198D /* DetailViewController.swift */,
				E357EF5F24B4F0F900D0EC18 /* Main.storyboard */,
				E357EF6224B4F0FC00D0EC18 /* Assets.xcassets */,
				E357EF6424B4F0FC00D0EC18 /* LaunchScreen.storyboard */,
				E357EF6724B4F0FC00D0EC18 /* Info.plist */,
			);
			path = "Cons_Project # 10-12";
			sourceTree = "<group>";
		};
/* End PBXGroup section */

/* Begin PBXNativeTarget section */
		E357EF5524B4F0F900D0EC18 /* Cons_Project # 10-12 */ = {
			isa = PBXNativeTarget;
			buildConfigurationList = E357EF6A24B4F0FC00D0EC18 /* Build configuration list for PBXNativeTarget "Cons_Project # 10-12" */;
			buildPhases = (
				E357EF5224B4F0F900D0EC18 /* Sources */,
				E357EF5324B4F0F900D0EC18 /* Frameworks */,
				E357EF5424B4F0F900D0EC18 /* Resources */,
			);
			buildRules = (
			);
			dependencies = (
			);
			name = "Cons_Project # 10-12";
			productName = "Cons_Project # 10-12";
			productReference = E357EF5624B4F0F900D0EC18 /* Cons_Project # 10-12.app */;
			productType = "com.apple.product-type.application";
		};
/* End PBXNativeTarget section */

/* Begin PBXProject section */
		E357EF4E24B4F0F900D0EC18 /* Project object */ = {
			isa = PBXProject;
			attributes = {
				LastSwiftUpdateCheck = 1150;
				LastUpgradeCheck = 1200;
				ORGANIZATIONNAME = TeeksCode;
				TargetAttributes = {
					E357EF5524B4F0F900D0EC18 = {
						CreatedOnToolsVersion = 11.5;
					};
				};
			};
			buildConfigurationList = E357EF5124B4F0F900D0EC18 /* Build configuration list for PBXProject "Cons_Project # 10-12" */;
			compatibilityVersion = "Xcode 9.3";
			developmentRegion = en;
			hasScannedForEncodings = 0;
			knownRegions = (
				en,
				Base,
			);
			mainGroup = E357EF4D24B4F0F900D0EC18;
			productRefGroup = E357EF5724B4F0F900D0EC18 /* Products */;
			projectDirPath = "";
			projectRoot = "";
			targets = (
				E357EF5524B4F0F900D0EC18 /* Cons_Project # 10-12 */,
			);
		};
/* End PBXProject section */

/* Begin PBXResourcesBuildPhase section */
		E357EF5424B4F0F900D0EC18 /* Resources */ = {
			isa = PBXResourcesBuildPhase;
			buildActionMask = 2147483647;
			files = (
				E357EF6624B4F0FC00D0EC18 /* LaunchScreen.storyboard in Resources */,
				E357EF6324B4F0FC00D0EC18 /* Assets.xcassets in Resources */,
				E357EF6124B4F0F900D0EC18 /* Main.storyboard in Resources */,
			);
			runOnlyForDeploymentPostprocessing = 0;
		};
/* End PBXResourcesBuildPhase section */

/* Begin PBXSourcesBuildPhase section */
		E357EF5224B4F0F900D0EC18 /* Sources */ = {
			isa = PBXSourcesBuildPhase;
			buildActionMask = 2147483647;
			files = (
				E357EF6E24B4F29000D0EC18 /* CaptionedPhoto.swift in Sources */,
				E357EF5E24B4F0F900D0EC18 /* ViewController.swift in Sources */,
				E357EF5A24B4F0F900D0EC18 /* AppDelegate.swift in Sources */,
				E37FBBE624B8E4BB00E7198D /* DetailViewController.swift in Sources */,
				E357EF5C24B4F0F900D0EC18 /* SceneDelegate.swift in Sources */,
				E357EF7224B5373100D0EC18 /* eachCell.swift in Sources */,
			);
			runOnlyForDeploymentPostprocessing = 0;
		};
/* End PBXSourcesBuildPhase section */

/* Begin PBXVariantGroup section */
		E357EF5F24B4F0F900D0EC18 /* Main.storyboard */ = {
			isa = PBXVariantGroup;
			children = (
				E357EF6024B4F0F900D0EC18 /* Base */,
			);
			name = Main.storyboard;
			sourceTree = "<group>";
		};
		E357EF6424B4F0FC00D0EC18 /* LaunchScreen.storyboard */ = {
			isa = PBXVariantGroup;
			children = (
				E357EF6524B4F0FC00D0EC18 /* Base */,
			);
			name = LaunchScreen.storyboard;
			sourceTree = "<group>";
		};
/* End PBXVariantGroup section */

/* Begin XCBuildConfiguration section */
		E357EF6824B4F0FC00D0EC18 /* Debug */ = {
			isa = XCBuildConfiguration;
			buildSettings = {
				ALWAYS_SEARCH_USER_PATHS = NO;
				CLANG_ANALYZER_NONNULL = YES;
				CLANG_ANALYZER_NUMBER_OBJECT_CONVERSION = YES_AGGRESSIVE;
				CLANG_CXX_LANGUAGE_STANDARD = "gnu++14";
				CLANG_CXX_LIBRARY = "libc++";
				CLANG_ENABLE_MODULES = YES;
				CLANG_ENABLE_OBJC_ARC = YES;
				CLANG_ENABLE_OBJC_WEAK = YES;
				CLANG_WARN_BLOCK_CAPTURE_AUTORELEASING = YES;
				CLANG_WARN_BOOL_CONVERSION = YES;
				CLANG_WARN_COMMA = YES;
				CLANG_WARN_CONSTANT_CONVERSION = YES;
				CLANG_WARN_DEPRECATED_OBJC_IMPLEMENTATIONS = YES;
				CLANG_WARN_DIRECT_OBJC_ISA_USAGE = YES_ERROR;
				CLANG_WARN_DOCUMENTATION_COMMENTS = YES;
				CLANG_WARN_EMPTY_BODY = YES;
				CLANG_WARN_ENUM_CONVERSION = YES;
				CLANG_WARN_INFINITE_RECURSION = YES;
				CLANG_WARN_INT_CONVERSION = YES;
				CLANG_WARN_NON_LITERAL_NULL_CONVERSION = YES;
				CLANG_WARN_OBJC_IMPLICIT_RETAIN_SELF = YES;
				CLANG_WARN_OBJC_LITERAL_CONVERSION = YES;
				CLANG_WARN_OBJC_ROOT_CLASS = YES_ERROR;
				CLANG_WARN_QUOTED_INCLUDE_IN_FRAMEWORK_HEADER = YES;
				CLANG_WARN_RANGE_LOOP_ANALYSIS = YES;
				CLANG_WARN_STRICT_PROTOTYPES = YES;
				CLANG_WARN_SUSPICIOUS_MOVE = YES;
				CLANG_WARN_UNGUARDED_AVAILABILITY = YES_AGGRESSIVE;
				CLANG_WARN_UNREACHABLE_CODE = YES;
				CLANG_WARN__DUPLICATE_METHOD_MATCH = YES;
				COPY_PHASE_STRIP = NO;
				DEBUG_INFORMATION_FORMAT = dwarf;
				ENABLE_STRICT_OBJC_MSGSEND = YES;
				ENABLE_TESTABILITY = YES;
				GCC_C_LANGUAGE_STANDARD = gnu11;
				GCC_DYNAMIC_NO_PIC = NO;
				GCC_NO_COMMON_BLOCKS = YES;
				GCC_OPTIMIZATION_LEVEL = 0;
				GCC_PREPROCESSOR_DEFINITIONS = (
					"DEBUG=1",
					"$(inherited)",
				);
				GCC_WARN_64_TO_32_BIT_CONVERSION = YES;
				GCC_WARN_ABOUT_RETURN_TYPE = YES_ERROR;
				GCC_WARN_UNDECLARED_SELECTOR = YES;
				GCC_WARN_UNINITIALIZED_AUTOS = YES_AGGRESSIVE;
				GCC_WARN_UNUSED_FUNCTION = YES;
				GCC_WARN_UNUSED_VARIABLE = YES;
				IPHONEOS_DEPLOYMENT_TARGET = 13.5;
				MTL_ENABLE_DEBUG_INFO = INCLUDE_SOURCE;
				MTL_FAST_MATH = YES;
				ONLY_ACTIVE_ARCH = YES;
				SDKROOT = iphoneos;
				SWIFT_ACTIVE_COMPILATION_CONDITIONS = DEBUG;
				SWIFT_OPTIMIZATION_LEVEL = "-Onone";
			};
			name = Debug;
		};
		E357EF6924B4F0FC00D0EC18 /* Release */ = {
			isa = XCBuildConfiguration;
			buildSettings = {
				ALWAYS_SEARCH_USER_PATHS = NO;
				CLANG_ANALYZER_NONNULL = YES;
				CLANG_ANALYZER_NUMBER_OBJECT_CONVERSION = YES_AGGRESSIVE;
				CLANG_CXX_LANGUAGE_STANDARD = "gnu++14";
				CLANG_CXX_LIBRARY = "libc++";
				CLANG_ENABLE_MODULES = YES;
				CLANG_ENABLE_OBJC_ARC = YES;
				CLANG_ENABLE_OBJC_WEAK = YES;
				CLANG_WARN_BLOCK_CAPTURE_AUTORELEASING = YES;
				CLANG_WARN_BOOL_CONVERSION = YES;
				CLANG_WARN_COMMA = YES;
				CLANG_WARN_CONSTANT_CONVERSION = YES;
				CLANG_WARN_DEPRECATED_OBJC_IMPLEMENTATIONS = YES;
				CLANG_WARN_DIRECT_OBJC_ISA_USAGE = YES_ERROR;
				CLANG_WARN_DOCUMENTATION_COMMENTS = YES;
				CLANG_WARN_EMPTY_BODY = YES;
				CLANG_WARN_ENUM_CONVERSION = YES;
				CLANG_WARN_INFINITE_RECURSION = YES;
				CLANG_WARN_INT_CONVERSION = YES;
				CLANG_WARN_NON_LITERAL_NULL_CONVERSION = YES;
				CLANG_WARN_OBJC_IMPLICIT_RETAIN_SELF = YES;
				CLANG_WARN_OBJC_LITERAL_CONVERSION = YES;
				CLANG_WARN_OBJC_ROOT_CLASS = YES_ERROR;
				CLANG_WARN_QUOTED_INCLUDE_IN_FRAMEWORK_HEADER = YES;
				CLANG_WARN_RANGE_LOOP_ANALYSIS = YES;
				CLANG_WARN_STRICT_PROTOTYPES = YES;
				CLANG_WARN_SUSPICIOUS_MOVE = YES;
				CLANG_WARN_UNGUARDED_AVAILABILITY = YES_AGGRESSIVE;
				CLANG_WARN_UNREACHABLE_CODE = YES;
				CLANG_WARN__DUPLICATE_METHOD_MATCH = YES;
				COPY_PHASE_STRIP = NO;
				DEBUG_INFORMATION_FORMAT = "dwarf-with-dsym";
				ENABLE_NS_ASSERTIONS = NO;
				ENABLE_STRICT_OBJC_MSGSEND = YES;
				GCC_C_LANGUAGE_STANDARD = gnu11;
				GCC_NO_COMMON_BLOCKS = YES;
				GCC_WARN_64_TO_32_BIT_CONVERSION = YES;
				GCC_WARN_ABOUT_RETURN_TYPE = YES_ERROR;
				GCC_WARN_UNDECLARED_SELECTOR = YES;
				GCC_WARN_UNINITIALIZED_AUTOS = YES_AGGRESSIVE;
				GCC_WARN_UNUSED_FUNCTION = YES;
				GCC_WARN_UNUSED_VARIABLE = YES;
				IPHONEOS_DEPLOYMENT_TARGET = 13.5;
				MTL_ENABLE_DEBUG_INFO = NO;
				MTL_FAST_MATH = YES;
				SDKROOT = iphoneos;
				SWIFT_COMPILATION_MODE = wholemodule;
				SWIFT_OPTIMIZATION_LEVEL = "-O";
				VALIDATE_PRODUCT = YES;
			};
			name = Release;
		};
		E357EF6B24B4F0FC00D0EC18 /* Debug */ = {
			isa = XCBuildConfiguration;
			buildSettings = {
				ASSETCATALOG_COMPILER_APPICON_NAME = AppIcon;
				CODE_SIGN_STYLE = Automatic;
				DEVELOPMENT_TEAM = 9G2243U9KY;
				INFOPLIST_FILE = "Cons_Project # 10-12/Info.plist";
				LD_RUNPATH_SEARCH_PATHS = (
					"$(inherited)",
					"@executable_path/Frameworks",
				);
				PRODUCT_BUNDLE_IDENTIFIER = "Teeks-Design.Cons-Project---10-12";
				PRODUCT_NAME = "$(TARGET_NAME)";
				SWIFT_VERSION = 5.0;
				TARGETED_DEVICE_FAMILY = "1,2";
			};
			name = Debug;
		};
		E357EF6C24B4F0FC00D0EC18 /* Release */ = {
			isa = XCBuildConfiguration;
			buildSettings = {
				ASSETCATALOG_COMPILER_APPICON_NAME = AppIcon;
				CODE_SIGN_STYLE = Automatic;
				DEVELOPMENT_TEAM = 9G2243U9KY;
				INFOPLIST_FILE = "Cons_Project # 10-12/Info.plist";
				LD_RUNPATH_SEARCH_PATHS = (
					"$(inherited)",
					"@executable_path/Frameworks",
				);
				PRODUCT_BUNDLE_IDENTIFIER = "Teeks-Design.Cons-Project---10-12";
				PRODUCT_NAME = "$(TARGET_NAME)";
				SWIFT_VERSION = 5.0;
				TARGETED_DEVICE_FAMILY = "1,2";
			};
			name = Release;
		};
/* End XCBuildConfiguration section */

/* Begin XCConfigurationList section */
		E357EF5124B4F0F900D0EC18 /* Build configuration list for PBXProject "Cons_Project # 10-12" */ = {
			isa = XCConfigurationList;
			buildConfigurations = (
				E357EF6824B4F0FC00D0EC18 /* Debug */,
				E357EF6924B4F0FC00D0EC18 /* Release */,
			);
			defaultConfigurationIsVisible = 0;
			defaultConfigurationName = Release;
		};
		E357EF6A24B4F0FC00D0EC18 /* Build configuration list for PBXNativeTarget "Cons_Project # 10-12" */ = {
			isa = XCConfigurationList;
			buildConfigurations = (
				E357EF6B24B4F0FC00D0EC18 /* Debug */,
				E357EF6C24B4F0FC00D0EC18 /* Release */,
			);
			defaultConfigurationIsVisible = 0;
			defaultConfigurationName = Release;
		};
/* End XCConfigurationList section */
	};
	rootObject = E357EF4E24B4F0F900D0EC18 /* Project object */;
}
