// !$*UTF8*$!
{
	archiveVersion = 1;
	classes = {
	};
	objectVersion = 50;
	objects = {

/* Begin PBXBuildFile section */
		F4386F042511294F00E73A8D /* AppDelegate.swift in Sources */ = {isa = PBXBuildFile; fileRef = F4386F032511294F00E73A8D /* AppDelegate.swift */; };
		F4386F062511294F00E73A8D /* SceneDelegate.swift in Sources */ = {isa = PBXBuildFile; fileRef = F4386F052511294F00E73A8D /* SceneDelegate.swift */; };
		F4386F082511294F00E73A8D /* ViewController.swift in Sources */ = {isa = PBXBuildFile; fileRef = F4386F072511294F00E73A8D /* ViewController.swift */; };
		F4386F0B2511294F00E73A8D /* Main.storyboard in Resources */ = {isa = PBXBuildFile; fileRef = F4386F092511294F00E73A8D /* Main.storyboard */; };
		F4386F0D2511295200E73A8D /* Assets.xcassets in Resources */ = {isa = PBXBuildFile; fileRef = F4386F0C2511295200E73A8D /* Assets.xcassets */; };
		F4386F102511295200E73A8D /* LaunchScreen.storyboard in Resources */ = {isa = PBXBuildFile; fileRef = F4386F0E2511295200E73A8D /* LaunchScreen.storyboard */; };
		F4386F1B2511295300E73A8D /* Project_22Tests.swift in Sources */ = {isa = PBXBuildFile; fileRef = F4386F1A2511295300E73A8D /* Project_22Tests.swift */; };
		F4386F262511295300E73A8D /* Project_22UITests.swift in Sources */ = {isa = PBXBuildFile; fileRef = F4386F252511295300E73A8D /* Project_22UITests.swift */; };
/* End PBXBuildFile section */

/* Begin PBXContainerItemProxy section */
		F4386F172511295300E73A8D /* PBXContainerItemProxy */ = {
			isa = PBXContainerItemProxy;
			containerPortal = F4386EF82511294F00E73A8D /* Project object */;
			proxyType = 1;
			remoteGlobalIDString = F4386EFF2511294F00E73A8D;
			remoteInfo = "Project 22";
		};
		F4386F222511295300E73A8D /* PBXContainerItemProxy */ = {
			isa = PBXContainerItemProxy;
			containerPortal = F4386EF82511294F00E73A8D /* Project object */;
			proxyType = 1;
			remoteGlobalIDString = F4386EFF2511294F00E73A8D;
			remoteInfo = "Project 22";
		};
/* End PBXContainerItemProxy section */

/* Begin PBXFileReference section */
		F4386F002511294F00E73A8D /* Project 22.app */ = {isa = PBXFileReference; explicitFileType = wrapper.application; includeInIndex = 0; path = "Project 22.app"; sourceTree = BUILT_PRODUCTS_DIR; };
		F4386F032511294F00E73A8D /* AppDelegate.swift */ = {isa = PBXFileReference; lastKnownFileType = sourcecode.swift; path = AppDelegate.swift; sourceTree = "<group>"; };
		F4386F052511294F00E73A8D /* SceneDelegate.swift */ = {isa = PBXFileReference; lastKnownFileType = sourcecode.swift; path = SceneDelegate.swift; sourceTree = "<group>"; };
		F4386F072511294F00E73A8D /* ViewController.swift */ = {isa = PBXFileReference; lastKnownFileType = sourcecode.swift; path = ViewController.swift; sourceTree = "<group>"; };
		F4386F0A2511294F00E73A8D /* Base */ = {isa = PBXFileReference; lastKnownFileType = file.storyboard; name = Base; path = Base.lproj/Main.storyboard; sourceTree = "<group>"; };
		F4386F0C2511295200E73A8D /* Assets.xcassets */ = {isa = PBXFileReference; lastKnownFileType = folder.assetcatalog; path = Assets.xcassets; sourceTree = "<group>"; };
		F4386F0F2511295200E73A8D /* Base */ = {isa = PBXFileReference; lastKnownFileType = file.storyboard; name = Base; path = Base.lproj/LaunchScreen.storyboard; sourceTree = "<group>"; };
		F4386F112511295200E73A8D /* Info.plist */ = {isa = PBXFileReference; lastKnownFileType = text.plist.xml; path = Info.plist; sourceTree = "<group>"; };
		F4386F162511295300E73A8D /* Project 22Tests.xctest */ = {isa = PBXFileReference; explicitFileType = wrapper.cfbundle; includeInIndex = 0; path = "Project 22Tests.xctest"; sourceTree = BUILT_PRODUCTS_DIR; };
		F4386F1A2511295300E73A8D /* Project_22Tests.swift */ = {isa = PBXFileReference; lastKnownFileType = sourcecode.swift; path = Project_22Tests.swift; sourceTree = "<group>"; };
		F4386F1C2511295300E73A8D /* Info.plist */ = {isa = PBXFileReference; lastKnownFileType = text.plist.xml; path = Info.plist; sourceTree = "<group>"; };
		F4386F212511295300E73A8D /* Project 22UITests.xctest */ = {isa = PBXFileReference; explicitFileType = wrapper.cfbundle; includeInIndex = 0; path = "Project 22UITests.xctest"; sourceTree = BUILT_PRODUCTS_DIR; };
		F4386F252511295300E73A8D /* Project_22UITests.swift */ = {isa = PBXFileReference; lastKnownFileType = sourcecode.swift; path = Project_22UITests.swift; sourceTree = "<group>"; };
		F4386F272511295300E73A8D /* Info.plist */ = {isa = PBXFileReference; lastKnownFileType = text.plist.xml; path = Info.plist; sourceTree = "<group>"; };
/* End PBXFileReference section */

/* Begin PBXFrameworksBuildPhase section */
		F4386EFD2511294F00E73A8D /* Frameworks */ = {
			isa = PBXFrameworksBuildPhase;
			buildActionMask = 2147483647;
			files = (
			);
			runOnlyForDeploymentPostprocessing = 0;
		};
		F4386F132511295300E73A8D /* Frameworks */ = {
			isa = PBXFrameworksBuildPhase;
			buildActionMask = 2147483647;
			files = (
			);
			runOnlyForDeploymentPostprocessing = 0;
		};
		F4386F1E2511295300E73A8D /* Frameworks */ = {
			isa = PBXFrameworksBuildPhase;
			buildActionMask = 2147483647;
			files = (
			);
			runOnlyForDeploymentPostprocessing = 0;
		};
/* End PBXFrameworksBuildPhase section */

/* Begin PBXGroup section */
		F4386EF72511294F00E73A8D = {
			isa = PBXGroup;
			children = (
				F4386F022511294F00E73A8D /* Project 22 */,
				F4386F192511295300E73A8D /* Project 22Tests */,
				F4386F242511295300E73A8D /* Project 22UITests */,
				F4386F012511294F00E73A8D /* Products */,
			);
			sourceTree = "<group>";
		};
		F4386F012511294F00E73A8D /* Products */ = {
			isa = PBXGroup;
			children = (
				F4386F002511294F00E73A8D /* Project 22.app */,
				F4386F162511295300E73A8D /* Project 22Tests.xctest */,
				F4386F212511295300E73A8D /* Project 22UITests.xctest */,
			);
			name = Products;
			sourceTree = "<group>";
		};
		F4386F022511294F00E73A8D /* Project 22 */ = {
			isa = PBXGroup;
			children = (
				F4386F032511294F00E73A8D /* AppDelegate.swift */,
				F4386F052511294F00E73A8D /* SceneDelegate.swift */,
				F4386F072511294F00E73A8D /* ViewController.swift */,
				F4386F092511294F00E73A8D /* Main.storyboard */,
				F4386F0C2511295200E73A8D /* Assets.xcassets */,
				F4386F0E2511295200E73A8D /* LaunchScreen.storyboard */,
				F4386F112511295200E73A8D /* Info.plist */,
			);
			path = "Project 22";
			sourceTree = "<group>";
		};
		F4386F192511295300E73A8D /* Project 22Tests */ = {
			isa = PBXGroup;
			children = (
				F4386F1A2511295300E73A8D /* Project_22Tests.swift */,
				F4386F1C2511295300E73A8D /* Info.plist */,
			);
			path = "Project 22Tests";
			sourceTree = "<group>";
		};
		F4386F242511295300E73A8D /* Project 22UITests */ = {
			isa = PBXGroup;
			children = (
				F4386F252511295300E73A8D /* Project_22UITests.swift */,
				F4386F272511295300E73A8D /* Info.plist */,
			);
			path = "Project 22UITests";
			sourceTree = "<group>";
		};
/* End PBXGroup section */

/* Begin PBXNativeTarget section */
		F4386EFF2511294F00E73A8D /* Project 22 */ = {
			isa = PBXNativeTarget;
			buildConfigurationList = F4386F2A2511295300E73A8D /* Build configuration list for PBXNativeTarget "Project 22" */;
			buildPhases = (
				F4386EFC2511294F00E73A8D /* Sources */,
				F4386EFD2511294F00E73A8D /* Frameworks */,
				F4386EFE2511294F00E73A8D /* Resources */,
			);
			buildRules = (
			);
			dependencies = (
			);
			name = "Project 22";
			productName = "Project 22";
			productReference = F4386F002511294F00E73A8D /* Project 22.app */;
			productType = "com.apple.product-type.application";
		};
		F4386F152511295300E73A8D /* Project 22Tests */ = {
			isa = PBXNativeTarget;
			buildConfigurationList = F4386F2D2511295300E73A8D /* Build configuration list for PBXNativeTarget "Project 22Tests" */;
			buildPhases = (
				F4386F122511295300E73A8D /* Sources */,
				F4386F132511295300E73A8D /* Frameworks */,
				F4386F142511295300E73A8D /* Resources */,
			);
			buildRules = (
			);
			dependencies = (
				F4386F182511295300E73A8D /* PBXTargetDependency */,
			);
			name = "Project 22Tests";
			productName = "Project 22Tests";
			productReference = F4386F162511295300E73A8D /* Project 22Tests.xctest */;
			productType = "com.apple.product-type.bundle.unit-test";
		};
		F4386F202511295300E73A8D /* Project 22UITests */ = {
			isa = PBXNativeTarget;
			buildConfigurationList = F4386F302511295300E73A8D /* Build configuration list for PBXNativeTarget "Project 22UITests" */;
			buildPhases = (
				F4386F1D2511295300E73A8D /* Sources */,
				F4386F1E2511295300E73A8D /* Frameworks */,
				F4386F1F2511295300E73A8D /* Resources */,
			);
			buildRules = (
			);
			dependencies = (
				F4386F232511295300E73A8D /* PBXTargetDependency */,
			);
			name = "Project 22UITests";
			productName = "Project 22UITests";
			productReference = F4386F212511295300E73A8D /* Project 22UITests.xctest */;
			productType = "com.apple.product-type.bundle.ui-testing";
		};
/* End PBXNativeTarget section */

/* Begin PBXProject section */
		F4386EF82511294F00E73A8D /* Project object */ = {
			isa = PBXProject;
			attributes = {
				LastSwiftUpdateCheck = 1200;
				LastUpgradeCheck = 1200;
				TargetAttributes = {
					F4386EFF2511294F00E73A8D = {
						CreatedOnToolsVersion = 12.0;
					};
					F4386F152511295300E73A8D = {
						CreatedOnToolsVersion = 12.0;
						TestTargetID = F4386EFF2511294F00E73A8D;
					};
					F4386F202511295300E73A8D = {
						CreatedOnToolsVersion = 12.0;
						TestTargetID = F4386EFF2511294F00E73A8D;
					};
				};
			};
			buildConfigurationList = F4386EFB2511294F00E73A8D /* Build configuration list for PBXProject "Project 22" */;
			compatibilityVersion = "Xcode 9.3";
			developmentRegion = en;
			hasScannedForEncodings = 0;
			knownRegions = (
				en,
				Base,
			);
			mainGroup = F4386EF72511294F00E73A8D;
			productRefGroup = F4386F012511294F00E73A8D /* Products */;
			projectDirPath = "";
			projectRoot = "";
			targets = (
				F4386EFF2511294F00E73A8D /* Project 22 */,
				F4386F152511295300E73A8D /* Project 22Tests */,
				F4386F202511295300E73A8D /* Project 22UITests */,
			);
		};
/* End PBXProject section */

/* Begin PBXResourcesBuildPhase section */
		F4386EFE2511294F00E73A8D /* Resources */ = {
			isa = PBXResourcesBuildPhase;
			buildActionMask = 2147483647;
			files = (
				F4386F102511295200E73A8D /* LaunchScreen.storyboard in Resources */,
				F4386F0D2511295200E73A8D /* Assets.xcassets in Resources */,
				F4386F0B2511294F00E73A8D /* Main.storyboard in Resources */,
			);
			runOnlyForDeploymentPostprocessing = 0;
		};
		F4386F142511295300E73A8D /* Resources */ = {
			isa = PBXResourcesBuildPhase;
			buildActionMask = 2147483647;
			files = (
			);
			runOnlyForDeploymentPostprocessing = 0;
		};
		F4386F1F2511295300E73A8D /* Resources */ = {
			isa = PBXResourcesBuildPhase;
			buildActionMask = 2147483647;
			files = (
			);
			runOnlyForDeploymentPostprocessing = 0;
		};
/* End PBXResourcesBuildPhase section */

/* Begin PBXSourcesBuildPhase section */
		F4386EFC2511294F00E73A8D /* Sources */ = {
			isa = PBXSourcesBuildPhase;
			buildActionMask = 2147483647;
			files = (
				F4386F082511294F00E73A8D /* ViewController.swift in Sources */,
				F4386F042511294F00E73A8D /* AppDelegate.swift in Sources */,
				F4386F062511294F00E73A8D /* SceneDelegate.swift in Sources */,
			);
			runOnlyForDeploymentPostprocessing = 0;
		};
		F4386F122511295300E73A8D /* Sources */ = {
			isa = PBXSourcesBuildPhase;
			buildActionMask = 2147483647;
			files = (
				F4386F1B2511295300E73A8D /* Project_22Tests.swift in Sources */,
			);
			runOnlyForDeploymentPostprocessing = 0;
		};
		F4386F1D2511295300E73A8D /* Sources */ = {
			isa = PBXSourcesBuildPhase;
			buildActionMask = 2147483647;
			files = (
				F4386F262511295300E73A8D /* Project_22UITests.swift in Sources */,
			);
			runOnlyForDeploymentPostprocessing = 0;
		};
/* End PBXSourcesBuildPhase section */

/* Begin PBXTargetDependency section */
		F4386F182511295300E73A8D /* PBXTargetDependency */ = {
			isa = PBXTargetDependency;
			target = F4386EFF2511294F00E73A8D /* Project 22 */;
			targetProxy = F4386F172511295300E73A8D /* PBXContainerItemProxy */;
		};
		F4386F232511295300E73A8D /* PBXTargetDependency */ = {
			isa = PBXTargetDependency;
			target = F4386EFF2511294F00E73A8D /* Project 22 */;
			targetProxy = F4386F222511295300E73A8D /* PBXContainerItemProxy */;
		};
/* End PBXTargetDependency section */

/* Begin PBXVariantGroup section */
		F4386F092511294F00E73A8D /* Main.storyboard */ = {
			isa = PBXVariantGroup;
			children = (
				F4386F0A2511294F00E73A8D /* Base */,
			);
			name = Main.storyboard;
			sourceTree = "<group>";
		};
		F4386F0E2511295200E73A8D /* LaunchScreen.storyboard */ = {
			isa = PBXVariantGroup;
			children = (
				F4386F0F2511295200E73A8D /* Base */,
			);
			name = LaunchScreen.storyboard;
			sourceTree = "<group>";
		};
/* End PBXVariantGroup section */

/* Begin XCBuildConfiguration section */
		F4386F282511295300E73A8D /* Debug */ = {
			isa = XCBuildConfiguration;
			buildSettings = {
				ALWAYS_SEARCH_USER_PATHS = NO;
				CLANG_ANALYZER_NONNULL = YES;
				CLANG_ANALYZER_NUMBER_OBJECT_CONVERSION = YES_AGGRESSIVE;
				CLANG_CXX_LANGUAGE_STANDARD = "gnu++14";
				CLANG_CXX_LIBRARY = "libc++";
				CLANG_ENABLE_MODULES = YES;
				CLANG_ENABLE_OBJC_ARC = YES;
				CLANG_ENABLE_OBJC_WEAK = YES;
				CLANG_WARN_BLOCK_CAPTURE_AUTORELEASING = YES;
				CLANG_WARN_BOOL_CONVERSION = YES;
				CLANG_WARN_COMMA = YES;
				CLANG_WARN_CONSTANT_CONVERSION = YES;
				CLANG_WARN_DEPRECATED_OBJC_IMPLEMENTATIONS = YES;
				CLANG_WARN_DIRECT_OBJC_ISA_USAGE = YES_ERROR;
				CLANG_WARN_DOCUMENTATION_COMMENTS = YES;
				CLANG_WARN_EMPTY_BODY = YES;
				CLANG_WARN_ENUM_CONVERSION = YES;
				CLANG_WARN_INFINITE_RECURSION = YES;
				CLANG_WARN_INT_CONVERSION = YES;
				CLANG_WARN_NON_LITERAL_NULL_CONVERSION = YES;
				CLANG_WARN_OBJC_IMPLICIT_RETAIN_SELF = YES;
				CLANG_WARN_OBJC_LITERAL_CONVERSION = YES;
				CLANG_WARN_OBJC_ROOT_CLASS = YES_ERROR;
				CLANG_WARN_QUOTED_INCLUDE_IN_FRAMEWORK_HEADER = YES;
				CLANG_WARN_RANGE_LOOP_ANALYSIS = YES;
				CLANG_WARN_STRICT_PROTOTYPES = YES;
				CLANG_WARN_SUSPICIOUS_MOVE = YES;
				CLANG_WARN_UNGUARDED_AVAILABILITY = YES_AGGRESSIVE;
				CLANG_WARN_UNREACHABLE_CODE = YES;
				CLANG_WARN__DUPLICATE_METHOD_MATCH = YES;
				COPY_PHASE_STRIP = NO;
				DEBUG_INFORMATION_FORMAT = dwarf;
				ENABLE_STRICT_OBJC_MSGSEND = YES;
				ENABLE_TESTABILITY = YES;
				GCC_C_LANGUAGE_STANDARD = gnu11;
				GCC_DYNAMIC_NO_PIC = NO;
				GCC_NO_COMMON_BLOCKS = YES;
				GCC_OPTIMIZATION_LEVEL = 0;
				GCC_PREPROCESSOR_DEFINITIONS = (
					"DEBUG=1",
					"$(inherited)",
				);
				GCC_WARN_64_TO_32_BIT_CONVERSION = YES;
				GCC_WARN_ABOUT_RETURN_TYPE = YES_ERROR;
				GCC_WARN_UNDECLARED_SELECTOR = YES;
				GCC_WARN_UNINITIALIZED_AUTOS = YES_AGGRESSIVE;
				GCC_WARN_UNUSED_FUNCTION = YES;
				GCC_WARN_UNUSED_VARIABLE = YES;
				IPHONEOS_DEPLOYMENT_TARGET = 14.0;
				MTL_ENABLE_DEBUG_INFO = INCLUDE_SOURCE;
				MTL_FAST_MATH = YES;
				ONLY_ACTIVE_ARCH = YES;
				SDKROOT = iphoneos;
				SWIFT_ACTIVE_COMPILATION_CONDITIONS = DEBUG;
				SWIFT_OPTIMIZATION_LEVEL = "-Onone";
			};
			name = Debug;
		};
		F4386F292511295300E73A8D /* Release */ = {
			isa = XCBuildConfiguration;
			buildSettings = {
				ALWAYS_SEARCH_USER_PATHS = NO;
				CLANG_ANALYZER_NONNULL = YES;
				CLANG_ANALYZER_NUMBER_OBJECT_CONVERSION = YES_AGGRESSIVE;
				CLANG_CXX_LANGUAGE_STANDARD = "gnu++14";
				CLANG_CXX_LIBRARY = "libc++";
				CLANG_ENABLE_MODULES = YES;
				CLANG_ENABLE_OBJC_ARC = YES;
				CLANG_ENABLE_OBJC_WEAK = YES;
				CLANG_WARN_BLOCK_CAPTURE_AUTORELEASING = YES;
				CLANG_WARN_BOOL_CONVERSION = YES;
				CLANG_WARN_COMMA = YES;
				CLANG_WARN_CONSTANT_CONVERSION = YES;
				CLANG_WARN_DEPRECATED_OBJC_IMPLEMENTATIONS = YES;
				CLANG_WARN_DIRECT_OBJC_ISA_USAGE = YES_ERROR;
				CLANG_WARN_DOCUMENTATION_COMMENTS = YES;
				CLANG_WARN_EMPTY_BODY = YES;
				CLANG_WARN_ENUM_CONVERSION = YES;
				CLANG_WARN_INFINITE_RECURSION = YES;
				CLANG_WARN_INT_CONVERSION = YES;
				CLANG_WARN_NON_LITERAL_NULL_CONVERSION = YES;
				CLANG_WARN_OBJC_IMPLICIT_RETAIN_SELF = YES;
				CLANG_WARN_OBJC_LITERAL_CONVERSION = YES;
				CLANG_WARN_OBJC_ROOT_CLASS = YES_ERROR;
				CLANG_WARN_QUOTED_INCLUDE_IN_FRAMEWORK_HEADER = YES;
				CLANG_WARN_RANGE_LOOP_ANALYSIS = YES;
				CLANG_WARN_STRICT_PROTOTYPES = YES;
				CLANG_WARN_SUSPICIOUS_MOVE = YES;
				CLANG_WARN_UNGUARDED_AVAILABILITY = YES_AGGRESSIVE;
				CLANG_WARN_UNREACHABLE_CODE = YES;
				CLANG_WARN__DUPLICATE_METHOD_MATCH = YES;
				COPY_PHASE_STRIP = NO;
				DEBUG_INFORMATION_FORMAT = "dwarf-with-dsym";
				ENABLE_NS_ASSERTIONS = NO;
				ENABLE_STRICT_OBJC_MSGSEND = YES;
				GCC_C_LANGUAGE_STANDARD = gnu11;
				GCC_NO_COMMON_BLOCKS = YES;
				GCC_WARN_64_TO_32_BIT_CONVERSION = YES;
				GCC_WARN_ABOUT_RETURN_TYPE = YES_ERROR;
				GCC_WARN_UNDECLARED_SELECTOR = YES;
				GCC_WARN_UNINITIALIZED_AUTOS = YES_AGGRESSIVE;
				GCC_WARN_UNUSED_FUNCTION = YES;
				GCC_WARN_UNUSED_VARIABLE = YES;
				IPHONEOS_DEPLOYMENT_TARGET = 14.0;
				MTL_ENABLE_DEBUG_INFO = NO;
				MTL_FAST_MATH = YES;
				SDKROOT = iphoneos;
				SWIFT_COMPILATION_MODE = wholemodule;
				SWIFT_OPTIMIZATION_LEVEL = "-O";
				VALIDATE_PRODUCT = YES;
			};
			name = Release;
		};
		F4386F2B2511295300E73A8D /* Debug */ = {
			isa = XCBuildConfiguration;
			buildSettings = {
				ASSETCATALOG_COMPILER_APPICON_NAME = AppIcon;
				ASSETCATALOG_COMPILER_GLOBAL_ACCENT_COLOR_NAME = AccentColor;
				CODE_SIGN_STYLE = Automatic;
				DEVELOPMENT_TEAM = 9G2243U9KY;
				INFOPLIST_FILE = "Project 22/Info.plist";
				IPHONEOS_DEPLOYMENT_TARGET = 13.5;
				LD_RUNPATH_SEARCH_PATHS = (
					"$(inherited)",
					"@executable_path/Frameworks",
				);
				PRODUCT_BUNDLE_IDENTIFIER = "TeeksCode.Project-22";
				PRODUCT_NAME = "$(TARGET_NAME)";
				SWIFT_VERSION = 5.0;
				TARGETED_DEVICE_FAMILY = "1,2";
			};
			name = Debug;
		};
		F4386F2C2511295300E73A8D /* Release */ = {
			isa = XCBuildConfiguration;
			buildSettings = {
				ASSETCATALOG_COMPILER_APPICON_NAME = AppIcon;
				ASSETCATALOG_COMPILER_GLOBAL_ACCENT_COLOR_NAME = AccentColor;
				CODE_SIGN_STYLE = Automatic;
				DEVELOPMENT_TEAM = 9G2243U9KY;
				INFOPLIST_FILE = "Project 22/Info.plist";
				IPHONEOS_DEPLOYMENT_TARGET = 13.5;
				LD_RUNPATH_SEARCH_PATHS = (
					"$(inherited)",
					"@executable_path/Frameworks",
				);
				PRODUCT_BUNDLE_IDENTIFIER = "TeeksCode.Project-22";
				PRODUCT_NAME = "$(TARGET_NAME)";
				SWIFT_VERSION = 5.0;
				TARGETED_DEVICE_FAMILY = "1,2";
			};
			name = Release;
		};
		F4386F2E2511295300E73A8D /* Debug */ = {
			isa = XCBuildConfiguration;
			buildSettings = {
				ALWAYS_EMBED_SWIFT_STANDARD_LIBRARIES = YES;
				BUNDLE_LOADER = "$(TEST_HOST)";
				CODE_SIGN_STYLE = Automatic;
				INFOPLIST_FILE = "Project 22Tests/Info.plist";
				IPHONEOS_DEPLOYMENT_TARGET = 14.0;
				LD_RUNPATH_SEARCH_PATHS = (
					"$(inherited)",
					"@executable_path/Frameworks",
					"@loader_path/Frameworks",
				);
				PRODUCT_BUNDLE_IDENTIFIER = "TeeksCode.Project-22Tests";
				PRODUCT_NAME = "$(TARGET_NAME)";
				SWIFT_VERSION = 5.0;
				TARGETED_DEVICE_FAMILY = "1,2";
				TEST_HOST = "$(BUILT_PRODUCTS_DIR)/Project 22.app/Project 22";
			};
			name = Debug;
		};
		F4386F2F2511295300E73A8D /* Release */ = {
			isa = XCBuildConfiguration;
			buildSettings = {
				ALWAYS_EMBED_SWIFT_STANDARD_LIBRARIES = YES;
				BUNDLE_LOADER = "$(TEST_HOST)";
				CODE_SIGN_STYLE = Automatic;
				INFOPLIST_FILE = "Project 22Tests/Info.plist";
				IPHONEOS_DEPLOYMENT_TARGET = 14.0;
				LD_RUNPATH_SEARCH_PATHS = (
					"$(inherited)",
					"@executable_path/Frameworks",
					"@loader_path/Frameworks",
				);
				PRODUCT_BUNDLE_IDENTIFIER = "TeeksCode.Project-22Tests";
				PRODUCT_NAME = "$(TARGET_NAME)";
				SWIFT_VERSION = 5.0;
				TARGETED_DEVICE_FAMILY = "1,2";
				TEST_HOST = "$(BUILT_PRODUCTS_DIR)/Project 22.app/Project 22";
			};
			name = Release;
		};
		F4386F312511295300E73A8D /* Debug */ = {
			isa = XCBuildConfiguration;
			buildSettings = {
				ALWAYS_EMBED_SWIFT_STANDARD_LIBRARIES = YES;
				CODE_SIGN_STYLE = Automatic;
				INFOPLIST_FILE = "Project 22UITests/Info.plist";
				LD_RUNPATH_SEARCH_PATHS = (
					"$(inherited)",
					"@executable_path/Frameworks",
					"@loader_path/Frameworks",
				);
				PRODUCT_BUNDLE_IDENTIFIER = "TeeksCode.Project-22UITests";
				PRODUCT_NAME = "$(TARGET_NAME)";
				SWIFT_VERSION = 5.0;
				TARGETED_DEVICE_FAMILY = "1,2";
				TEST_TARGET_NAME = "Project 22";
			};
			name = Debug;
		};
		F4386F322511295300E73A8D /* Release */ = {
			isa = XCBuildConfiguration;
			buildSettings = {
				ALWAYS_EMBED_SWIFT_STANDARD_LIBRARIES = YES;
				CODE_SIGN_STYLE = Automatic;
				INFOPLIST_FILE = "Project 22UITests/Info.plist";
				LD_RUNPATH_SEARCH_PATHS = (
					"$(inherited)",
					"@executable_path/Frameworks",
					"@loader_path/Frameworks",
				);
				PRODUCT_BUNDLE_IDENTIFIER = "TeeksCode.Project-22UITests";
				PRODUCT_NAME = "$(TARGET_NAME)";
				SWIFT_VERSION = 5.0;
				TARGETED_DEVICE_FAMILY = "1,2";
				TEST_TARGET_NAME = "Project 22";
			};
			name = Release;
		};
/* End XCBuildConfiguration section */

/* Begin XCConfigurationList section */
		F4386EFB2511294F00E73A8D /* Build configuration list for PBXProject "Project 22" */ = {
			isa = XCConfigurationList;
			buildConfigurations = (
				F4386F282511295300E73A8D /* Debug */,
				F4386F292511295300E73A8D /* Release */,
			);
			defaultConfigurationIsVisible = 0;
			defaultConfigurationName = Release;
		};
		F4386F2A2511295300E73A8D /* Build configuration list for PBXNativeTarget "Project 22" */ = {
			isa = XCConfigurationList;
			buildConfigurations = (
				F4386F2B2511295300E73A8D /* Debug */,
				F4386F2C2511295300E73A8D /* Release */,
			);
			defaultConfigurationIsVisible = 0;
			defaultConfigurationName = Release;
		};
		F4386F2D2511295300E73A8D /* Build configuration list for PBXNativeTarget "Project 22Tests" */ = {
			isa = XCConfigurationList;
			buildConfigurations = (
				F4386F2E2511295300E73A8D /* Debug */,
				F4386F2F2511295300E73A8D /* Release */,
			);
			defaultConfigurationIsVisible = 0;
			defaultConfigurationName = Release;
		};
		F4386F302511295300E73A8D /* Build configuration list for PBXNativeTarget "Project 22UITests" */ = {
			isa = XCConfigurationList;
			buildConfigurations = (
				F4386F312511295300E73A8D /* Debug */,
				F4386F322511295300E73A8D /* Release */,
			);
			defaultConfigurationIsVisible = 0;
			defaultConfigurationName = Release;
		};
/* End XCConfigurationList section */
	};
	rootObject = F4386EF82511294F00E73A8D /* Project object */;
}
