// !$*UTF8*$!
{
	archiveVersion = 1;
	classes = {
	};
	objectVersion = 50;
	objects = {

/* Begin PBXBuildFile section */
		F4300B1C2525064C00047E0C /* AppDelegate.swift in Sources */ = {isa = PBXBuildFile; fileRef = F4300B1B2525064C00047E0C /* AppDelegate.swift */; };
		F4300B1E2525064C00047E0C /* SceneDelegate.swift in Sources */ = {isa = PBXBuildFile; fileRef = F4300B1D2525064C00047E0C /* SceneDelegate.swift */; };
		F4300B202525064C00047E0C /* ViewController.swift in Sources */ = {isa = PBXBuildFile; fileRef = F4300B1F2525064C00047E0C /* ViewController.swift */; };
		F4300B232525064C00047E0C /* Main.storyboard in Resources */ = {isa = PBXBuildFile; fileRef = F4300B212525064C00047E0C /* Main.storyboard */; };
		F4300B252525064F00047E0C /* Assets.xcassets in Resources */ = {isa = PBXBuildFile; fileRef = F4300B242525064F00047E0C /* Assets.xcassets */; };
		F4300B282525064F00047E0C /* LaunchScreen.storyboard in Resources */ = {isa = PBXBuildFile; fileRef = F4300B262525064F00047E0C /* LaunchScreen.storyboard */; };
		F4300B332525064F00047E0C /* Cons_Project_7Tests.swift in Sources */ = {isa = PBXBuildFile; fileRef = F4300B322525064F00047E0C /* Cons_Project_7Tests.swift */; };
		F4300B3E2525064F00047E0C /* Cons_Project_7UITests.swift in Sources */ = {isa = PBXBuildFile; fileRef = F4300B3D2525064F00047E0C /* Cons_Project_7UITests.swift */; };
		F4300B4F2525148F00047E0C /* entryViewController.swift in Sources */ = {isa = PBXBuildFile; fileRef = F4300B4E2525148F00047E0C /* entryViewController.swift */; };
		F4300B542525149D00047E0C /* noteViewController.swift in Sources */ = {isa = PBXBuildFile; fileRef = F4300B532525149D00047E0C /* noteViewController.swift */; };
		F499B57D252BEAC30033DB67 /* eachNote.swift in Sources */ = {isa = PBXBuildFile; fileRef = F499B57C252BEAC30033DB67 /* eachNote.swift */; };
/* End PBXBuildFile section */

/* Begin PBXContainerItemProxy section */
		F4300B2F2525064F00047E0C /* PBXContainerItemProxy */ = {
			isa = PBXContainerItemProxy;
			containerPortal = F4300B102525064C00047E0C /* Project object */;
			proxyType = 1;
			remoteGlobalIDString = F4300B172525064C00047E0C;
			remoteInfo = "Cons_Project#7";
		};
		F4300B3A2525064F00047E0C /* PBXContainerItemProxy */ = {
			isa = PBXContainerItemProxy;
			containerPortal = F4300B102525064C00047E0C /* Project object */;
			proxyType = 1;
			remoteGlobalIDString = F4300B172525064C00047E0C;
			remoteInfo = "Cons_Project#7";
		};
/* End PBXContainerItemProxy section */

/* Begin PBXFileReference section */
		F4300B182525064C00047E0C /* Cons_Project#7.app */ = {isa = PBXFileReference; explicitFileType = wrapper.application; includeInIndex = 0; path = "Cons_Project#7.app"; sourceTree = BUILT_PRODUCTS_DIR; };
		F4300B1B2525064C00047E0C /* AppDelegate.swift */ = {isa = PBXFileReference; lastKnownFileType = sourcecode.swift; path = AppDelegate.swift; sourceTree = "<group>"; };
		F4300B1D2525064C00047E0C /* SceneDelegate.swift */ = {isa = PBXFileReference; lastKnownFileType = sourcecode.swift; path = SceneDelegate.swift; sourceTree = "<group>"; };
		F4300B1F2525064C00047E0C /* ViewController.swift */ = {isa = PBXFileReference; lastKnownFileType = sourcecode.swift; path = ViewController.swift; sourceTree = "<group>"; };
		F4300B222525064C00047E0C /* Base */ = {isa = PBXFileReference; lastKnownFileType = file.storyboard; name = Base; path = Base.lproj/Main.storyboard; sourceTree = "<group>"; };
		F4300B242525064F00047E0C /* Assets.xcassets */ = {isa = PBXFileReference; lastKnownFileType = folder.assetcatalog; path = Assets.xcassets; sourceTree = "<group>"; };
		F4300B272525064F00047E0C /* Base */ = {isa = PBXFileReference; lastKnownFileType = file.storyboard; name = Base; path = Base.lproj/LaunchScreen.storyboard; sourceTree = "<group>"; };
		F4300B292525064F00047E0C /* Info.plist */ = {isa = PBXFileReference; lastKnownFileType = text.plist.xml; path = Info.plist; sourceTree = "<group>"; };
		F4300B2E2525064F00047E0C /* Cons_Project#7Tests.xctest */ = {isa = PBXFileReference; explicitFileType = wrapper.cfbundle; includeInIndex = 0; path = "Cons_Project#7Tests.xctest"; sourceTree = BUILT_PRODUCTS_DIR; };
		F4300B322525064F00047E0C /* Cons_Project_7Tests.swift */ = {isa = PBXFileReference; lastKnownFileType = sourcecode.swift; path = Cons_Project_7Tests.swift; sourceTree = "<group>"; };
		F4300B342525064F00047E0C /* Info.plist */ = {isa = PBXFileReference; lastKnownFileType = text.plist.xml; path = Info.plist; sourceTree = "<group>"; };
		F4300B392525064F00047E0C /* Cons_Project#7UITests.xctest */ = {isa = PBXFileReference; explicitFileType = wrapper.cfbundle; includeInIndex = 0; path = "Cons_Project#7UITests.xctest"; sourceTree = BUILT_PRODUCTS_DIR; };
		F4300B3D2525064F00047E0C /* Cons_Project_7UITests.swift */ = {isa = PBXFileReference; lastKnownFileType = sourcecode.swift; path = Cons_Project_7UITests.swift; sourceTree = "<group>"; };
		F4300B3F2525064F00047E0C /* Info.plist */ = {isa = PBXFileReference; lastKnownFileType = text.plist.xml; path = Info.plist; sourceTree = "<group>"; };
		F4300B4E2525148F00047E0C /* entryViewController.swift */ = {isa = PBXFileReference; lastKnownFileType = sourcecode.swift; path = entryViewController.swift; sourceTree = "<group>"; };
		F4300B532525149D00047E0C /* noteViewController.swift */ = {isa = PBXFileReference; lastKnownFileType = sourcecode.swift; path = noteViewController.swift; sourceTree = "<group>"; };
		F499B57C252BEAC30033DB67 /* eachNote.swift */ = {isa = PBXFileReference; lastKnownFileType = sourcecode.swift; path = eachNote.swift; sourceTree = "<group>"; };
/* End PBXFileReference section */

/* Begin PBXFrameworksBuildPhase section */
		F4300B152525064C00047E0C /* Frameworks */ = {
			isa = PBXFrameworksBuildPhase;
			buildActionMask = 2147483647;
			files = (
			);
			runOnlyForDeploymentPostprocessing = 0;
		};
		F4300B2B2525064F00047E0C /* Frameworks */ = {
			isa = PBXFrameworksBuildPhase;
			buildActionMask = 2147483647;
			files = (
			);
			runOnlyForDeploymentPostprocessing = 0;
		};
		F4300B362525064F00047E0C /* Frameworks */ = {
			isa = PBXFrameworksBuildPhase;
			buildActionMask = 2147483647;
			files = (
			);
			runOnlyForDeploymentPostprocessing = 0;
		};
/* End PBXFrameworksBuildPhase section */

/* Begin PBXGroup section */
		F4300B0F2525064C00047E0C = {
			isa = PBXGroup;
			children = (
				F4300B1A2525064C00047E0C /* Cons_Project#7 */,
				F4300B312525064F00047E0C /* Cons_Project#7Tests */,
				F4300B3C2525064F00047E0C /* Cons_Project#7UITests */,
				F4300B192525064C00047E0C /* Products */,
			);
			sourceTree = "<group>";
		};
		F4300B192525064C00047E0C /* Products */ = {
			isa = PBXGroup;
			children = (
				F4300B182525064C00047E0C /* Cons_Project#7.app */,
				F4300B2E2525064F00047E0C /* Cons_Project#7Tests.xctest */,
				F4300B392525064F00047E0C /* Cons_Project#7UITests.xctest */,
			);
			name = Products;
			sourceTree = "<group>";
		};
		F4300B1A2525064C00047E0C /* Cons_Project#7 */ = {
			isa = PBXGroup;
			children = (
				F4300B1B2525064C00047E0C /* AppDelegate.swift */,
				F4300B1D2525064C00047E0C /* SceneDelegate.swift */,
				F4300B1F2525064C00047E0C /* ViewController.swift */,
				F499B57C252BEAC30033DB67 /* eachNote.swift */,
				F4300B212525064C00047E0C /* Main.storyboard */,
				F4300B4E2525148F00047E0C /* entryViewController.swift */,
				F4300B532525149D00047E0C /* noteViewController.swift */,
				F4300B242525064F00047E0C /* Assets.xcassets */,
				F4300B262525064F00047E0C /* LaunchScreen.storyboard */,
				F4300B292525064F00047E0C /* Info.plist */,
			);
			path = "Cons_Project#7";
			sourceTree = "<group>";
		};
		F4300B312525064F00047E0C /* Cons_Project#7Tests */ = {
			isa = PBXGroup;
			children = (
				F4300B322525064F00047E0C /* Cons_Project_7Tests.swift */,
				F4300B342525064F00047E0C /* Info.plist */,
			);
			path = "Cons_Project#7Tests";
			sourceTree = "<group>";
		};
		F4300B3C2525064F00047E0C /* Cons_Project#7UITests */ = {
			isa = PBXGroup;
			children = (
				F4300B3D2525064F00047E0C /* Cons_Project_7UITests.swift */,
				F4300B3F2525064F00047E0C /* Info.plist */,
			);
			path = "Cons_Project#7UITests";
			sourceTree = "<group>";
		};
/* End PBXGroup section */

/* Begin PBXNativeTarget section */
		F4300B172525064C00047E0C /* Cons_Project#7 */ = {
			isa = PBXNativeTarget;
			buildConfigurationList = F4300B422525064F00047E0C /* Build configuration list for PBXNativeTarget "Cons_Project#7" */;
			buildPhases = (
				F4300B142525064C00047E0C /* Sources */,
				F4300B152525064C00047E0C /* Frameworks */,
				F4300B162525064C00047E0C /* Resources */,
			);
			buildRules = (
			);
			dependencies = (
			);
			name = "Cons_Project#7";
			productName = "Cons_Project#7";
			productReference = F4300B182525064C00047E0C /* Cons_Project#7.app */;
			productType = "com.apple.product-type.application";
		};
		F4300B2D2525064F00047E0C /* Cons_Project#7Tests */ = {
			isa = PBXNativeTarget;
			buildConfigurationList = F4300B452525064F00047E0C /* Build configuration list for PBXNativeTarget "Cons_Project#7Tests" */;
			buildPhases = (
				F4300B2A2525064F00047E0C /* Sources */,
				F4300B2B2525064F00047E0C /* Frameworks */,
				F4300B2C2525064F00047E0C /* Resources */,
			);
			buildRules = (
			);
			dependencies = (
				F4300B302525064F00047E0C /* PBXTargetDependency */,
			);
			name = "Cons_Project#7Tests";
			productName = "Cons_Project#7Tests";
			productReference = F4300B2E2525064F00047E0C /* Cons_Project#7Tests.xctest */;
			productType = "com.apple.product-type.bundle.unit-test";
		};
		F4300B382525064F00047E0C /* Cons_Project#7UITests */ = {
			isa = PBXNativeTarget;
			buildConfigurationList = F4300B482525064F00047E0C /* Build configuration list for PBXNativeTarget "Cons_Project#7UITests" */;
			buildPhases = (
				F4300B352525064F00047E0C /* Sources */,
				F4300B362525064F00047E0C /* Frameworks */,
				F4300B372525064F00047E0C /* Resources */,
			);
			buildRules = (
			);
			dependencies = (
				F4300B3B2525064F00047E0C /* PBXTargetDependency */,
			);
			name = "Cons_Project#7UITests";
			productName = "Cons_Project#7UITests";
			productReference = F4300B392525064F00047E0C /* Cons_Project#7UITests.xctest */;
			productType = "com.apple.product-type.bundle.ui-testing";
		};
/* End PBXNativeTarget section */

/* Begin PBXProject section */
		F4300B102525064C00047E0C /* Project object */ = {
			isa = PBXProject;
			attributes = {
				LastSwiftUpdateCheck = 1200;
				LastUpgradeCheck = 1200;
				TargetAttributes = {
					F4300B172525064C00047E0C = {
						CreatedOnToolsVersion = 12.0;
					};
					F4300B2D2525064F00047E0C = {
						CreatedOnToolsVersion = 12.0;
						TestTargetID = F4300B172525064C00047E0C;
					};
					F4300B382525064F00047E0C = {
						CreatedOnToolsVersion = 12.0;
						TestTargetID = F4300B172525064C00047E0C;
					};
				};
			};
			buildConfigurationList = F4300B132525064C00047E0C /* Build configuration list for PBXProject "Cons_Project#7" */;
			compatibilityVersion = "Xcode 9.3";
			developmentRegion = en;
			hasScannedForEncodings = 0;
			knownRegions = (
				en,
				Base,
			);
			mainGroup = F4300B0F2525064C00047E0C;
			productRefGroup = F4300B192525064C00047E0C /* Products */;
			projectDirPath = "";
			projectRoot = "";
			targets = (
				F4300B172525064C00047E0C /* Cons_Project#7 */,
				F4300B2D2525064F00047E0C /* Cons_Project#7Tests */,
				F4300B382525064F00047E0C /* Cons_Project#7UITests */,
			);
		};
/* End PBXProject section */

/* Begin PBXResourcesBuildPhase section */
		F4300B162525064C00047E0C /* Resources */ = {
			isa = PBXResourcesBuildPhase;
			buildActionMask = 2147483647;
			files = (
				F4300B282525064F00047E0C /* LaunchScreen.storyboard in Resources */,
				F4300B252525064F00047E0C /* Assets.xcassets in Resources */,
				F4300B232525064C00047E0C /* Main.storyboard in Resources */,
			);
			runOnlyForDeploymentPostprocessing = 0;
		};
		F4300B2C2525064F00047E0C /* Resources */ = {
			isa = PBXResourcesBuildPhase;
			buildActionMask = 2147483647;
			files = (
			);
			runOnlyForDeploymentPostprocessing = 0;
		};
		F4300B372525064F00047E0C /* Resources */ = {
			isa = PBXResourcesBuildPhase;
			buildActionMask = 2147483647;
			files = (
			);
			runOnlyForDeploymentPostprocessing = 0;
		};
/* End PBXResourcesBuildPhase section */

/* Begin PBXSourcesBuildPhase section */
		F4300B142525064C00047E0C /* Sources */ = {
			isa = PBXSourcesBuildPhase;
			buildActionMask = 2147483647;
			files = (
				F4300B202525064C00047E0C /* ViewController.swift in Sources */,
				F4300B542525149D00047E0C /* noteViewController.swift in Sources */,
				F4300B4F2525148F00047E0C /* entryViewController.swift in Sources */,
				F499B57D252BEAC30033DB67 /* eachNote.swift in Sources */,
				F4300B1C2525064C00047E0C /* AppDelegate.swift in Sources */,
				F4300B1E2525064C00047E0C /* SceneDelegate.swift in Sources */,
			);
			runOnlyForDeploymentPostprocessing = 0;
		};
		F4300B2A2525064F00047E0C /* Sources */ = {
			isa = PBXSourcesBuildPhase;
			buildActionMask = 2147483647;
			files = (
				F4300B332525064F00047E0C /* Cons_Project_7Tests.swift in Sources */,
			);
			runOnlyForDeploymentPostprocessing = 0;
		};
		F4300B352525064F00047E0C /* Sources */ = {
			isa = PBXSourcesBuildPhase;
			buildActionMask = 2147483647;
			files = (
				F4300B3E2525064F00047E0C /* Cons_Project_7UITests.swift in Sources */,
			);
			runOnlyForDeploymentPostprocessing = 0;
		};
/* End PBXSourcesBuildPhase section */

/* Begin PBXTargetDependency section */
		F4300B302525064F00047E0C /* PBXTargetDependency */ = {
			isa = PBXTargetDependency;
			target = F4300B172525064C00047E0C /* Cons_Project#7 */;
			targetProxy = F4300B2F2525064F00047E0C /* PBXContainerItemProxy */;
		};
		F4300B3B2525064F00047E0C /* PBXTargetDependency */ = {
			isa = PBXTargetDependency;
			target = F4300B172525064C00047E0C /* Cons_Project#7 */;
			targetProxy = F4300B3A2525064F00047E0C /* PBXContainerItemProxy */;
		};
/* End PBXTargetDependency section */

/* Begin PBXVariantGroup section */
		F4300B212525064C00047E0C /* Main.storyboard */ = {
			isa = PBXVariantGroup;
			children = (
				F4300B222525064C00047E0C /* Base */,
			);
			name = Main.storyboard;
			sourceTree = "<group>";
		};
		F4300B262525064F00047E0C /* LaunchScreen.storyboard */ = {
			isa = PBXVariantGroup;
			children = (
				F4300B272525064F00047E0C /* Base */,
			);
			name = LaunchScreen.storyboard;
			sourceTree = "<group>";
		};
/* End PBXVariantGroup section */

/* Begin XCBuildConfiguration section */
		F4300B402525064F00047E0C /* Debug */ = {
			isa = XCBuildConfiguration;
			buildSettings = {
				ALWAYS_SEARCH_USER_PATHS = NO;
				CLANG_ANALYZER_NONNULL = YES;
				CLANG_ANALYZER_NUMBER_OBJECT_CONVERSION = YES_AGGRESSIVE;
				CLANG_CXX_LANGUAGE_STANDARD = "gnu++14";
				CLANG_CXX_LIBRARY = "libc++";
				CLANG_ENABLE_MODULES = YES;
				CLANG_ENABLE_OBJC_ARC = YES;
				CLANG_ENABLE_OBJC_WEAK = YES;
				CLANG_WARN_BLOCK_CAPTURE_AUTORELEASING = YES;
				CLANG_WARN_BOOL_CONVERSION = YES;
				CLANG_WARN_COMMA = YES;
				CLANG_WARN_CONSTANT_CONVERSION = YES;
				CLANG_WARN_DEPRECATED_OBJC_IMPLEMENTATIONS = YES;
				CLANG_WARN_DIRECT_OBJC_ISA_USAGE = YES_ERROR;
				CLANG_WARN_DOCUMENTATION_COMMENTS = YES;
				CLANG_WARN_EMPTY_BODY = YES;
				CLANG_WARN_ENUM_CONVERSION = YES;
				CLANG_WARN_INFINITE_RECURSION = YES;
				CLANG_WARN_INT_CONVERSION = YES;
				CLANG_WARN_NON_LITERAL_NULL_CONVERSION = YES;
				CLANG_WARN_OBJC_IMPLICIT_RETAIN_SELF = YES;
				CLANG_WARN_OBJC_LITERAL_CONVERSION = YES;
				CLANG_WARN_OBJC_ROOT_CLASS = YES_ERROR;
				CLANG_WARN_QUOTED_INCLUDE_IN_FRAMEWORK_HEADER = YES;
				CLANG_WARN_RANGE_LOOP_ANALYSIS = YES;
				CLANG_WARN_STRICT_PROTOTYPES = YES;
				CLANG_WARN_SUSPICIOUS_MOVE = YES;
				CLANG_WARN_UNGUARDED_AVAILABILITY = YES_AGGRESSIVE;
				CLANG_WARN_UNREACHABLE_CODE = YES;
				CLANG_WARN__DUPLICATE_METHOD_MATCH = YES;
				COPY_PHASE_STRIP = NO;
				DEBUG_INFORMATION_FORMAT = dwarf;
				ENABLE_STRICT_OBJC_MSGSEND = YES;
				ENABLE_TESTABILITY = YES;
				GCC_C_LANGUAGE_STANDARD = gnu11;
				GCC_DYNAMIC_NO_PIC = NO;
				GCC_NO_COMMON_BLOCKS = YES;
				GCC_OPTIMIZATION_LEVEL = 0;
				GCC_PREPROCESSOR_DEFINITIONS = (
					"DEBUG=1",
					"$(inherited)",
				);
				GCC_WARN_64_TO_32_BIT_CONVERSION = YES;
				GCC_WARN_ABOUT_RETURN_TYPE = YES_ERROR;
				GCC_WARN_UNDECLARED_SELECTOR = YES;
				GCC_WARN_UNINITIALIZED_AUTOS = YES_AGGRESSIVE;
				GCC_WARN_UNUSED_FUNCTION = YES;
				GCC_WARN_UNUSED_VARIABLE = YES;
				IPHONEOS_DEPLOYMENT_TARGET = 14.0;
				MTL_ENABLE_DEBUG_INFO = INCLUDE_SOURCE;
				MTL_FAST_MATH = YES;
				ONLY_ACTIVE_ARCH = YES;
				SDKROOT = iphoneos;
				SWIFT_ACTIVE_COMPILATION_CONDITIONS = DEBUG;
				SWIFT_OPTIMIZATION_LEVEL = "-Onone";
			};
			name = Debug;
		};
		F4300B412525064F00047E0C /* Release */ = {
			isa = XCBuildConfiguration;
			buildSettings = {
				ALWAYS_SEARCH_USER_PATHS = NO;
				CLANG_ANALYZER_NONNULL = YES;
				CLANG_ANALYZER_NUMBER_OBJECT_CONVERSION = YES_AGGRESSIVE;
				CLANG_CXX_LANGUAGE_STANDARD = "gnu++14";
				CLANG_CXX_LIBRARY = "libc++";
				CLANG_ENABLE_MODULES = YES;
				CLANG_ENABLE_OBJC_ARC = YES;
				CLANG_ENABLE_OBJC_WEAK = YES;
				CLANG_WARN_BLOCK_CAPTURE_AUTORELEASING = YES;
				CLANG_WARN_BOOL_CONVERSION = YES;
				CLANG_WARN_COMMA = YES;
				CLANG_WARN_CONSTANT_CONVERSION = YES;
				CLANG_WARN_DEPRECATED_OBJC_IMPLEMENTATIONS = YES;
				CLANG_WARN_DIRECT_OBJC_ISA_USAGE = YES_ERROR;
				CLANG_WARN_DOCUMENTATION_COMMENTS = YES;
				CLANG_WARN_EMPTY_BODY = YES;
				CLANG_WARN_ENUM_CONVERSION = YES;
				CLANG_WARN_INFINITE_RECURSION = YES;
				CLANG_WARN_INT_CONVERSION = YES;
				CLANG_WARN_NON_LITERAL_NULL_CONVERSION = YES;
				CLANG_WARN_OBJC_IMPLICIT_RETAIN_SELF = YES;
				CLANG_WARN_OBJC_LITERAL_CONVERSION = YES;
				CLANG_WARN_OBJC_ROOT_CLASS = YES_ERROR;
				CLANG_WARN_QUOTED_INCLUDE_IN_FRAMEWORK_HEADER = YES;
				CLANG_WARN_RANGE_LOOP_ANALYSIS = YES;
				CLANG_WARN_STRICT_PROTOTYPES = YES;
				CLANG_WARN_SUSPICIOUS_MOVE = YES;
				CLANG_WARN_UNGUARDED_AVAILABILITY = YES_AGGRESSIVE;
				CLANG_WARN_UNREACHABLE_CODE = YES;
				CLANG_WARN__DUPLICATE_METHOD_MATCH = YES;
				COPY_PHASE_STRIP = NO;
				DEBUG_INFORMATION_FORMAT = "dwarf-with-dsym";
				ENABLE_NS_ASSERTIONS = NO;
				ENABLE_STRICT_OBJC_MSGSEND = YES;
				GCC_C_LANGUAGE_STANDARD = gnu11;
				GCC_NO_COMMON_BLOCKS = YES;
				GCC_WARN_64_TO_32_BIT_CONVERSION = YES;
				GCC_WARN_ABOUT_RETURN_TYPE = YES_ERROR;
				GCC_WARN_UNDECLARED_SELECTOR = YES;
				GCC_WARN_UNINITIALIZED_AUTOS = YES_AGGRESSIVE;
				GCC_WARN_UNUSED_FUNCTION = YES;
				GCC_WARN_UNUSED_VARIABLE = YES;
				IPHONEOS_DEPLOYMENT_TARGET = 14.0;
				MTL_ENABLE_DEBUG_INFO = NO;
				MTL_FAST_MATH = YES;
				SDKROOT = iphoneos;
				SWIFT_COMPILATION_MODE = wholemodule;
				SWIFT_OPTIMIZATION_LEVEL = "-O";
				VALIDATE_PRODUCT = YES;
			};
			name = Release;
		};
		F4300B432525064F00047E0C /* Debug */ = {
			isa = XCBuildConfiguration;
			buildSettings = {
				ASSETCATALOG_COMPILER_APPICON_NAME = AppIcon;
				ASSETCATALOG_COMPILER_GLOBAL_ACCENT_COLOR_NAME = AccentColor;
				CODE_SIGN_STYLE = Automatic;
				DEVELOPMENT_TEAM = 9G2243U9KY;
				INFOPLIST_FILE = "Cons_Project#7/Info.plist";
				LD_RUNPATH_SEARCH_PATHS = (
					"$(inherited)",
					"@executable_path/Frameworks",
				);
				PRODUCT_BUNDLE_IDENTIFIER = "TeeksCode.Cons-Project-7";
				PRODUCT_NAME = "$(TARGET_NAME)";
				SWIFT_VERSION = 5.0;
				TARGETED_DEVICE_FAMILY = "1,2";
			};
			name = Debug;
		};
		F4300B442525064F00047E0C /* Release */ = {
			isa = XCBuildConfiguration;
			buildSettings = {
				ASSETCATALOG_COMPILER_APPICON_NAME = AppIcon;
				ASSETCATALOG_COMPILER_GLOBAL_ACCENT_COLOR_NAME = AccentColor;
				CODE_SIGN_STYLE = Automatic;
				DEVELOPMENT_TEAM = 9G2243U9KY;
				INFOPLIST_FILE = "Cons_Project#7/Info.plist";
				LD_RUNPATH_SEARCH_PATHS = (
					"$(inherited)",
					"@executable_path/Frameworks",
				);
				PRODUCT_BUNDLE_IDENTIFIER = "TeeksCode.Cons-Project-7";
				PRODUCT_NAME = "$(TARGET_NAME)";
				SWIFT_VERSION = 5.0;
				TARGETED_DEVICE_FAMILY = "1,2";
			};
			name = Release;
		};
		F4300B462525064F00047E0C /* Debug */ = {
			isa = XCBuildConfiguration;
			buildSettings = {
				ALWAYS_EMBED_SWIFT_STANDARD_LIBRARIES = YES;
				BUNDLE_LOADER = "$(TEST_HOST)";
				CODE_SIGN_STYLE = Automatic;
				DEVELOPMENT_TEAM = 9G2243U9KY;
				INFOPLIST_FILE = "Cons_Project#7Tests/Info.plist";
				IPHONEOS_DEPLOYMENT_TARGET = 14.0;
				LD_RUNPATH_SEARCH_PATHS = (
					"$(inherited)",
					"@executable_path/Frameworks",
					"@loader_path/Frameworks",
				);
				PRODUCT_BUNDLE_IDENTIFIER = "TeeksCode.Cons-Project-7Tests";
				PRODUCT_NAME = "$(TARGET_NAME)";
				SWIFT_VERSION = 5.0;
				TARGETED_DEVICE_FAMILY = "1,2";
				TEST_HOST = "$(BUILT_PRODUCTS_DIR)/Cons_Project#7.app/Cons_Project#7";
			};
			name = Debug;
		};
		F4300B472525064F00047E0C /* Release */ = {
			isa = XCBuildConfiguration;
			buildSettings = {
				ALWAYS_EMBED_SWIFT_STANDARD_LIBRARIES = YES;
				BUNDLE_LOADER = "$(TEST_HOST)";
				CODE_SIGN_STYLE = Automatic;
				DEVELOPMENT_TEAM = 9G2243U9KY;
				INFOPLIST_FILE = "Cons_Project#7Tests/Info.plist";
				IPHONEOS_DEPLOYMENT_TARGET = 14.0;
				LD_RUNPATH_SEARCH_PATHS = (
					"$(inherited)",
					"@executable_path/Frameworks",
					"@loader_path/Frameworks",
				);
				PRODUCT_BUNDLE_IDENTIFIER = "TeeksCode.Cons-Project-7Tests";
				PRODUCT_NAME = "$(TARGET_NAME)";
				SWIFT_VERSION = 5.0;
				TARGETED_DEVICE_FAMILY = "1,2";
				TEST_HOST = "$(BUILT_PRODUCTS_DIR)/Cons_Project#7.app/Cons_Project#7";
			};
			name = Release;
		};
		F4300B492525064F00047E0C /* Debug */ = {
			isa = XCBuildConfiguration;
			buildSettings = {
				ALWAYS_EMBED_SWIFT_STANDARD_LIBRARIES = YES;
				CODE_SIGN_STYLE = Automatic;
				DEVELOPMENT_TEAM = 9G2243U9KY;
				INFOPLIST_FILE = "Cons_Project#7UITests/Info.plist";
				LD_RUNPATH_SEARCH_PATHS = (
					"$(inherited)",
					"@executable_path/Frameworks",
					"@loader_path/Frameworks",
				);
				PRODUCT_BUNDLE_IDENTIFIER = "TeeksCode.Cons-Project-7UITests";
				PRODUCT_NAME = "$(TARGET_NAME)";
				SWIFT_VERSION = 5.0;
				TARGETED_DEVICE_FAMILY = "1,2";
				TEST_TARGET_NAME = "Cons_Project#7";
			};
			name = Debug;
		};
		F4300B4A2525064F00047E0C /* Release */ = {
			isa = XCBuildConfiguration;
			buildSettings = {
				ALWAYS_EMBED_SWIFT_STANDARD_LIBRARIES = YES;
				CODE_SIGN_STYLE = Automatic;
				DEVELOPMENT_TEAM = 9G2243U9KY;
				INFOPLIST_FILE = "Cons_Project#7UITests/Info.plist";
				LD_RUNPATH_SEARCH_PATHS = (
					"$(inherited)",
					"@executable_path/Frameworks",
					"@loader_path/Frameworks",
				);
				PRODUCT_BUNDLE_IDENTIFIER = "TeeksCode.Cons-Project-7UITests";
				PRODUCT_NAME = "$(TARGET_NAME)";
				SWIFT_VERSION = 5.0;
				TARGETED_DEVICE_FAMILY = "1,2";
				TEST_TARGET_NAME = "Cons_Project#7";
			};
			name = Release;
		};
/* End XCBuildConfiguration section */

/* Begin XCConfigurationList section */
		F4300B132525064C00047E0C /* Build configuration list for PBXProject "Cons_Project#7" */ = {
			isa = XCConfigurationList;
			buildConfigurations = (
				F4300B402525064F00047E0C /* Debug */,
				F4300B412525064F00047E0C /* Release */,
			);
			defaultConfigurationIsVisible = 0;
			defaultConfigurationName = Release;
		};
		F4300B422525064F00047E0C /* Build configuration list for PBXNativeTarget "Cons_Project#7" */ = {
			isa = XCConfigurationList;
			buildConfigurations = (
				F4300B432525064F00047E0C /* Debug */,
				F4300B442525064F00047E0C /* Release */,
			);
			defaultConfigurationIsVisible = 0;
			defaultConfigurationName = Release;
		};
		F4300B452525064F00047E0C /* Build configuration list for PBXNativeTarget "Cons_Project#7Tests" */ = {
			isa = XCConfigurationList;
			buildConfigurations = (
				F4300B462525064F00047E0C /* Debug */,
				F4300B472525064F00047E0C /* Release */,
			);
			defaultConfigurationIsVisible = 0;
			defaultConfigurationName = Release;
		};
		F4300B482525064F00047E0C /* Build configuration list for PBXNativeTarget "Cons_Project#7UITests" */ = {
			isa = XCConfigurationList;
			buildConfigurations = (
				F4300B492525064F00047E0C /* Debug */,
				F4300B4A2525064F00047E0C /* Release */,
			);
			defaultConfigurationIsVisible = 0;
			defaultConfigurationName = Release;
		};
/* End XCConfigurationList section */
	};
	rootObject = F4300B102525064C00047E0C /* Project object */;
}
